
Microsoft Visual Studio Solution File, Format Version 12.00
# Visual Studio Version 17
VisualStudioVersion = 17.8.34322.80
MinimumVisualStudioVersion = 10.0.40219.1
Project("{FAE04EC0-301F-11D3-BF4B-00C04F79EFBC}") = "proje2_yurt_totmasyonu_devexpress", "proje2_yurt_totmasyonu_devexpress\proje2_yurt_totmasyonu_devexpress.csproj", "{FABF8BCA-9B77-43FF-8CB3-BB1474865B7F}"
EndProject
Global
	GlobalSection(SolutionConfigurationPlatforms) = preSolution
		Debug|Any CPU = Debug|Any CPU
		Release|Any CPU = Release|Any CPU
	EndGlobalSection
	GlobalSection(ProjectConfigurationPlatforms) = postSolution
		{FABF8BCA-9B77-43FF-8CB3-BB1474865B7F}.Debug|Any CPU.ActiveCfg = Debug|Any CPU
		{FABF8BCA-9B77-43FF-8CB3-BB1474865B7F}.Debug|Any CPU.Build.0 = Debug|Any CPU
		{FABF8BCA-9B77-43FF-8CB3-BB1474865B7F}.Release|Any CPU.ActiveCfg = Release|Any CPU
		{FABF8BCA-9B77-43FF-8CB3-BB1474865B7F}.Release|Any CPU.Build.0 = Release|Any CPU
	EndGlobalSection
	GlobalSection(SolutionProperties) = preSolution
		HideSolutionNode = FALSE
	EndGlobalSection
	GlobalSection(ExtensibilityGlobals) = postSolution
		SolutionGuid = {D754D2B2-4DEC-49CD-8B5F-3A5E222909FE}
	EndGlobalSection
EndGlobal
